// !$*UTF8*$!
{
	archiveVersion = 1;
	classes = {
	};
	objectVersion = 56;
	objects = {

/* Begin PBXBuildFile section */
		9695764C29B1392900F1B42D /* AppDelegate.swift in Sources */ = {isa = PBXBuildFile; fileRef = 9695764B29B1392900F1B42D /* AppDelegate.swift */; };
		9695764E29B1392A00F1B42D /* SceneDelegate.swift in Sources */ = {isa = PBXBuildFile; fileRef = 9695764D29B1392900F1B42D /* SceneDelegate.swift */; };
		9695765529B1392C00F1B42D /* Assets.xcassets in Resources */ = {isa = PBXBuildFile; fileRef = 9695765429B1392C00F1B42D /* Assets.xcassets */; };
		9695765829B1392C00F1B42D /* LaunchScreen.storyboard in Resources */ = {isa = PBXBuildFile; fileRef = 9695765629B1392C00F1B42D /* LaunchScreen.storyboard */; };
		96A7EC8429B14C8D0079B76D /* SDWebImage in Frameworks */ = {isa = PBXBuildFile; productRef = 96A7EC8329B14C8D0079B76D /* SDWebImage */; };
		96A7EC8629B14CC80079B76D /* APIClient.swift in Sources */ = {isa = PBXBuildFile; fileRef = 96A7EC8529B14CC70079B76D /* APIClient.swift */; };
		96A7EC8829B14D320079B76D /* ResultsResponse.swift in Sources */ = {isa = PBXBuildFile; fileRef = 96A7EC8729B14D320079B76D /* ResultsResponse.swift */; };
		96A7EC8A29B14D450079B76D /* Records.swift in Sources */ = {isa = PBXBuildFile; fileRef = 96A7EC8929B14D450079B76D /* Records.swift */; };
		96A7EC8C29B14D820079B76D /* Products.swift in Sources */ = {isa = PBXBuildFile; fileRef = 96A7EC8B29B14D820079B76D /* Products.swift */; };
		96A7EC8E29B14DA10079B76D /* Colors.swift in Sources */ = {isa = PBXBuildFile; fileRef = 96A7EC8D29B14DA10079B76D /* Colors.swift */; };
		96A7EC9029B14DEE0079B76D /* ProductTableView.swift in Sources */ = {isa = PBXBuildFile; fileRef = 96A7EC8F29B14DEE0079B76D /* ProductTableView.swift */; };
		96A7EC9229B14E000079B76D /* ProductTableVIewCell.swift in Sources */ = {isa = PBXBuildFile; fileRef = 96A7EC9129B14E000079B76D /* ProductTableVIewCell.swift */; };
		96A7EC9429B14E4F0079B76D /* ProductsViewController.swift in Sources */ = {isa = PBXBuildFile; fileRef = 96A7EC9329B14E4F0079B76D /* ProductsViewController.swift */; };
		96A7EC9629B14E6E0079B76D /* ProductsTableViewData.swift in Sources */ = {isa = PBXBuildFile; fileRef = 96A7EC9529B14E6E0079B76D /* ProductsTableViewData.swift */; };
		96A7EC9829B14EB30079B76D /* ProductsTableViewDelegate.swift in Sources */ = {isa = PBXBuildFile; fileRef = 96A7EC9729B14EB30079B76D /* ProductsTableViewDelegate.swift */; };
		96A7EC9A29B14EC20079B76D /* SearchBarController.swift in Sources */ = {isa = PBXBuildFile; fileRef = 96A7EC9929B14EC20079B76D /* SearchBarController.swift */; };
		96A7EC9C29B15A9A0079B76D /* Main.storyboard in Resources */ = {isa = PBXBuildFile; fileRef = 96A7EC9B29B15A9A0079B76D /* Main.storyboard */; };
/* End PBXBuildFile section */

/* Begin PBXFileReference section */
		9695764829B1392900F1B42D /* Prueba Tecnica iOS.app */ = {isa = PBXFileReference; explicitFileType = wrapper.application; includeInIndex = 0; path = "Prueba Tecnica iOS.app"; sourceTree = BUILT_PRODUCTS_DIR; };
		9695764B29B1392900F1B42D /* AppDelegate.swift */ = {isa = PBXFileReference; lastKnownFileType = sourcecode.swift; path = AppDelegate.swift; sourceTree = "<group>"; };
		9695764D29B1392900F1B42D /* SceneDelegate.swift */ = {isa = PBXFileReference; lastKnownFileType = sourcecode.swift; path = SceneDelegate.swift; sourceTree = "<group>"; };
		9695765429B1392C00F1B42D /* Assets.xcassets */ = {isa = PBXFileReference; lastKnownFileType = folder.assetcatalog; path = Assets.xcassets; sourceTree = "<group>"; };
		9695765729B1392C00F1B42D /* Base */ = {isa = PBXFileReference; lastKnownFileType = file.storyboard; name = Base; path = Base.lproj/LaunchScreen.storyboard; sourceTree = "<group>"; };
		9695765929B1392C00F1B42D /* Info.plist */ = {isa = PBXFileReference; lastKnownFileType = text.plist.xml; path = Info.plist; sourceTree = "<group>"; };
		96A7EC8529B14CC70079B76D /* APIClient.swift */ = {isa = PBXFileReference; lastKnownFileType = sourcecode.swift; path = APIClient.swift; sourceTree = "<group>"; };
		96A7EC8729B14D320079B76D /* ResultsResponse.swift */ = {isa = PBXFileReference; lastKnownFileType = sourcecode.swift; path = ResultsResponse.swift; sourceTree = "<group>"; };
		96A7EC8929B14D450079B76D /* Records.swift */ = {isa = PBXFileReference; lastKnownFileType = sourcecode.swift; path = Records.swift; sourceTree = "<group>"; };
		96A7EC8B29B14D820079B76D /* Products.swift */ = {isa = PBXFileReference; lastKnownFileType = sourcecode.swift; path = Products.swift; sourceTree = "<group>"; };
		96A7EC8D29B14DA10079B76D /* Colors.swift */ = {isa = PBXFileReference; lastKnownFileType = sourcecode.swift; path = Colors.swift; sourceTree = "<group>"; };
		96A7EC8F29B14DEE0079B76D /* ProductTableView.swift */ = {isa = PBXFileReference; lastKnownFileType = sourcecode.swift; path = ProductTableView.swift; sourceTree = "<group>"; };
		96A7EC9129B14E000079B76D /* ProductTableVIewCell.swift */ = {isa = PBXFileReference; lastKnownFileType = sourcecode.swift; path = ProductTableVIewCell.swift; sourceTree = "<group>"; };
		96A7EC9329B14E4F0079B76D /* ProductsViewController.swift */ = {isa = PBXFileReference; lastKnownFileType = sourcecode.swift; path = ProductsViewController.swift; sourceTree = "<group>"; };
		96A7EC9529B14E6E0079B76D /* ProductsTableViewData.swift */ = {isa = PBXFileReference; lastKnownFileType = sourcecode.swift; path = ProductsTableViewData.swift; sourceTree = "<group>"; };
		96A7EC9729B14EB30079B76D /* ProductsTableViewDelegate.swift */ = {isa = PBXFileReference; lastKnownFileType = sourcecode.swift; path = ProductsTableViewDelegate.swift; sourceTree = "<group>"; };
		96A7EC9929B14EC20079B76D /* SearchBarController.swift */ = {isa = PBXFileReference; lastKnownFileType = sourcecode.swift; path = SearchBarController.swift; sourceTree = "<group>"; };
		96A7EC9B29B15A9A0079B76D /* Main.storyboard */ = {isa = PBXFileReference; fileEncoding = 4; lastKnownFileType = file.storyboard; path = Main.storyboard; sourceTree = "<group>"; };
/* End PBXFileReference section */

/* Begin PBXFrameworksBuildPhase section */
		9695764529B1392900F1B42D /* Frameworks */ = {
			isa = PBXFrameworksBuildPhase;
			buildActionMask = 2147483647;
			files = (
				96A7EC8429B14C8D0079B76D /* SDWebImage in Frameworks */,
			);
			runOnlyForDeploymentPostprocessing = 0;
		};
/* End PBXFrameworksBuildPhase section */

/* Begin PBXGroup section */
		9695763F29B1392900F1B42D = {
			isa = PBXGroup;
			children = (
				9695764A29B1392900F1B42D /* Prueba Tecnica iOS */,
				9695764929B1392900F1B42D /* Products */,
			);
			sourceTree = "<group>";
		};
		9695764929B1392900F1B42D /* Products */ = {
			isa = PBXGroup;
			children = (
				9695764829B1392900F1B42D /* Prueba Tecnica iOS.app */,
			);
			name = Products;
			sourceTree = "<group>";
		};
		9695764A29B1392900F1B42D /* Prueba Tecnica iOS */ = {
			isa = PBXGroup;
			children = (
				9695764B29B1392900F1B42D /* AppDelegate.swift */,
				9695764D29B1392900F1B42D /* SceneDelegate.swift */,
				96A7EC7D29B1490A0079B76D /* ProductSearch */,
				9695765429B1392C00F1B42D /* Assets.xcassets */,
				9695765629B1392C00F1B42D /* LaunchScreen.storyboard */,
				9695765929B1392C00F1B42D /* Info.plist */,
			);
			path = "Prueba Tecnica iOS";
			sourceTree = "<group>";
		};
		96A7EC7D29B1490A0079B76D /* ProductSearch */ = {
			isa = PBXGroup;
			children = (
				96A7EC7E29B1492B0079B76D /* Model */,
				96A7EC7F29B149370079B76D /* View */,
				96A7EC8029B1494B0079B76D /* Controller */,
			);
			path = ProductSearch;
			sourceTree = "<group>";
		};
		96A7EC7E29B1492B0079B76D /* Model */ = {
			isa = PBXGroup;
			children = (
				96A7EC8529B14CC70079B76D /* APIClient.swift */,
				96A7EC8B29B14D820079B76D /* Products.swift */,
				96A7EC8929B14D450079B76D /* Records.swift */,
				96A7EC8729B14D320079B76D /* ResultsResponse.swift */,
				96A7EC8D29B14DA10079B76D /* Colors.swift */,
			);
			path = Model;
			sourceTree = "<group>";
		};
		96A7EC7F29B149370079B76D /* View */ = {
			isa = PBXGroup;
			children = (
				96A7EC9B29B15A9A0079B76D /* Main.storyboard */,
				96A7EC8F29B14DEE0079B76D /* ProductTableView.swift */,
				96A7EC9129B14E000079B76D /* ProductTableVIewCell.swift */,
			);
			path = View;
			sourceTree = "<group>";
		};
		96A7EC8029B1494B0079B76D /* Controller */ = {
			isa = PBXGroup;
			children = (
				96A7EC9929B14EC20079B76D /* SearchBarController.swift */,
				96A7EC9729B14EB30079B76D /* ProductsTableViewDelegate.swift */,
				96A7EC9329B14E4F0079B76D /* ProductsViewController.swift */,
				96A7EC9529B14E6E0079B76D /* ProductsTableViewData.swift */,
			);
			path = Controller;
			sourceTree = "<group>";
		};
/* End PBXGroup section */

/* Begin PBXNativeTarget section */
		9695764729B1392900F1B42D /* Prueba Tecnica iOS */ = {
			isa = PBXNativeTarget;
			buildConfigurationList = 9695765C29B1392C00F1B42D /* Build configuration list for PBXNativeTarget "Prueba Tecnica iOS" */;
			buildPhases = (
				9695764429B1392900F1B42D /* Sources */,
				9695764529B1392900F1B42D /* Frameworks */,
				9695764629B1392900F1B42D /* Resources */,
			);
			buildRules = (
			);
			dependencies = (
			);
			name = "Prueba Tecnica iOS";
			packageProductDependencies = (
				96A7EC8329B14C8D0079B76D /* SDWebImage */,
			);
			productName = "Prueba Tecnica iOS";
			productReference = 9695764829B1392900F1B42D /* Prueba Tecnica iOS.app */;
			productType = "com.apple.product-type.application";
		};
/* End PBXNativeTarget section */

/* Begin PBXProject section */
		9695764029B1392900F1B42D /* Project object */ = {
			isa = PBXProject;
			attributes = {
				BuildIndependentTargetsInParallel = 1;
				LastSwiftUpdateCheck = 1420;
				LastUpgradeCheck = 1420;
				TargetAttributes = {
					9695764729B1392900F1B42D = {
						CreatedOnToolsVersion = 14.2;
					};
				};
			};
			buildConfigurationList = 9695764329B1392900F1B42D /* Build configuration list for PBXProject "Prueba Tecnica iOS" */;
			compatibilityVersion = "Xcode 14.0";
			developmentRegion = en;
			hasScannedForEncodings = 0;
			knownRegions = (
				en,
				Base,
			);
			mainGroup = 9695763F29B1392900F1B42D;
			packageReferences = (
				96A7EC8229B14C8D0079B76D /* XCRemoteSwiftPackageReference "SDWebImage" */,
			);
			productRefGroup = 9695764929B1392900F1B42D /* Products */;
			projectDirPath = "";
			projectRoot = "";
			targets = (
				9695764729B1392900F1B42D /* Prueba Tecnica iOS */,
			);
		};
/* End PBXProject section */

/* Begin PBXResourcesBuildPhase section */
		9695764629B1392900F1B42D /* Resources */ = {
			isa = PBXResourcesBuildPhase;
			buildActionMask = 2147483647;
			files = (
				9695765829B1392C00F1B42D /* LaunchScreen.storyboard in Resources */,
				9695765529B1392C00F1B42D /* Assets.xcassets in Resources */,
				96A7EC9C29B15A9A0079B76D /* Main.storyboard in Resources */,
			);
			runOnlyForDeploymentPostprocessing = 0;
		};
/* End PBXResourcesBuildPhase section */

/* Begin PBXSourcesBuildPhase section */
		9695764429B1392900F1B42D /* Sources */ = {
			isa = PBXSourcesBuildPhase;
			buildActionMask = 2147483647;
			files = (
				96A7EC9229B14E000079B76D /* ProductTableVIewCell.swift in Sources */,
				9695764C29B1392900F1B42D /* AppDelegate.swift in Sources */,
				96A7EC9A29B14EC20079B76D /* SearchBarController.swift in Sources */,
				9695764E29B1392A00F1B42D /* SceneDelegate.swift in Sources */,
				96A7EC8629B14CC80079B76D /* APIClient.swift in Sources */,
				96A7EC9829B14EB30079B76D /* ProductsTableViewDelegate.swift in Sources */,
				96A7EC9629B14E6E0079B76D /* ProductsTableViewData.swift in Sources */,
				96A7EC9429B14E4F0079B76D /* ProductsViewController.swift in Sources */,
				96A7EC8E29B14DA10079B76D /* Colors.swift in Sources */,
				96A7EC8A29B14D450079B76D /* Records.swift in Sources */,
				96A7EC9029B14DEE0079B76D /* ProductTableView.swift in Sources */,
				96A7EC8829B14D320079B76D /* ResultsResponse.swift in Sources */,
				96A7EC8C29B14D820079B76D /* Products.swift in Sources */,
			);
			runOnlyForDeploymentPostprocessing = 0;
		};
/* End PBXSourcesBuildPhase section */

/* Begin PBXVariantGroup section */
		9695765629B1392C00F1B42D /* LaunchScreen.storyboard */ = {
			isa = PBXVariantGroup;
			children = (
				9695765729B1392C00F1B42D /* Base */,
			);
			name = LaunchScreen.storyboard;
			sourceTree = "<group>";
		};
/* End PBXVariantGroup section */

/* Begin XCBuildConfiguration section */
		9695765A29B1392C00F1B42D /* Debug */ = {
			isa = XCBuildConfiguration;
			buildSettings = {
				ALWAYS_SEARCH_USER_PATHS = NO;
				CLANG_ANALYZER_NONNULL = YES;
				CLANG_ANALYZER_NUMBER_OBJECT_CONVERSION = YES_AGGRESSIVE;
				CLANG_CXX_LANGUAGE_STANDARD = "gnu++20";
				CLANG_ENABLE_MODULES = YES;
				CLANG_ENABLE_OBJC_ARC = YES;
				CLANG_ENABLE_OBJC_WEAK = YES;
				CLANG_WARN_BLOCK_CAPTURE_AUTORELEASING = YES;
				CLANG_WARN_BOOL_CONVERSION = YES;
				CLANG_WARN_COMMA = YES;
				CLANG_WARN_CONSTANT_CONVERSION = YES;
				CLANG_WARN_DEPRECATED_OBJC_IMPLEMENTATIONS = YES;
				CLANG_WARN_DIRECT_OBJC_ISA_USAGE = YES_ERROR;
				CLANG_WARN_DOCUMENTATION_COMMENTS = YES;
				CLANG_WARN_EMPTY_BODY = YES;
				CLANG_WARN_ENUM_CONVERSION = YES;
				CLANG_WARN_INFINITE_RECURSION = YES;
				CLANG_WARN_INT_CONVERSION = YES;
				CLANG_WARN_NON_LITERAL_NULL_CONVERSION = YES;
				CLANG_WARN_OBJC_IMPLICIT_RETAIN_SELF = YES;
				CLANG_WARN_OBJC_LITERAL_CONVERSION = YES;
				CLANG_WARN_OBJC_ROOT_CLASS = YES_ERROR;
				CLANG_WARN_QUOTED_INCLUDE_IN_FRAMEWORK_HEADER = YES;
				CLANG_WARN_RANGE_LOOP_ANALYSIS = YES;
				CLANG_WARN_STRICT_PROTOTYPES = YES;
				CLANG_WARN_SUSPICIOUS_MOVE = YES;
				CLANG_WARN_UNGUARDED_AVAILABILITY = YES_AGGRESSIVE;
				CLANG_WARN_UNREACHABLE_CODE = YES;
				CLANG_WARN__DUPLICATE_METHOD_MATCH = YES;
				COPY_PHASE_STRIP = NO;
				DEBUG_INFORMATION_FORMAT = dwarf;
				ENABLE_STRICT_OBJC_MSGSEND = YES;
				ENABLE_TESTABILITY = YES;
				GCC_C_LANGUAGE_STANDARD = gnu11;
				GCC_DYNAMIC_NO_PIC = NO;
				GCC_NO_COMMON_BLOCKS = YES;
				GCC_OPTIMIZATION_LEVEL = 0;
				GCC_PREPROCESSOR_DEFINITIONS = (
					"DEBUG=1",
					"$(inherited)",
				);
				GCC_WARN_64_TO_32_BIT_CONVERSION = YES;
				GCC_WARN_ABOUT_RETURN_TYPE = YES_ERROR;
				GCC_WARN_UNDECLARED_SELECTOR = YES;
				GCC_WARN_UNINITIALIZED_AUTOS = YES_AGGRESSIVE;
				GCC_WARN_UNUSED_FUNCTION = YES;
				GCC_WARN_UNUSED_VARIABLE = YES;
				IPHONEOS_DEPLOYMENT_TARGET = 16.2;
				MTL_ENABLE_DEBUG_INFO = INCLUDE_SOURCE;
				MTL_FAST_MATH = YES;
				ONLY_ACTIVE_ARCH = YES;
				SDKROOT = iphoneos;
				SWIFT_ACTIVE_COMPILATION_CONDITIONS = DEBUG;
				SWIFT_OPTIMIZATION_LEVEL = "-Onone";
			};
			name = Debug;
		};
		9695765B29B1392C00F1B42D /* Release */ = {
			isa = XCBuildConfiguration;
			buildSettings = {
				ALWAYS_SEARCH_USER_PATHS = NO;
				CLANG_ANALYZER_NONNULL = YES;
				CLANG_ANALYZER_NUMBER_OBJECT_CONVERSION = YES_AGGRESSIVE;
				CLANG_CXX_LANGUAGE_STANDARD = "gnu++20";
				CLANG_ENABLE_MODULES = YES;
				CLANG_ENABLE_OBJC_ARC = YES;
				CLANG_ENABLE_OBJC_WEAK = YES;
				CLANG_WARN_BLOCK_CAPTURE_AUTORELEASING = YES;
				CLANG_WARN_BOOL_CONVERSION = YES;
				CLANG_WARN_COMMA = YES;
				CLANG_WARN_CONSTANT_CONVERSION = YES;
				CLANG_WARN_DEPRECATED_OBJC_IMPLEMENTATIONS = YES;
				CLANG_WARN_DIRECT_OBJC_ISA_USAGE = YES_ERROR;
				CLANG_WARN_DOCUMENTATION_COMMENTS = YES;
				CLANG_WARN_EMPTY_BODY = YES;
				CLANG_WARN_ENUM_CONVERSION = YES;
				CLANG_WARN_INFINITE_RECURSION = YES;
				CLANG_WARN_INT_CONVERSION = YES;
				CLANG_WARN_NON_LITERAL_NULL_CONVERSION = YES;
				CLANG_WARN_OBJC_IMPLICIT_RETAIN_SELF = YES;
				CLANG_WARN_OBJC_LITERAL_CONVERSION = YES;
				CLANG_WARN_OBJC_ROOT_CLASS = YES_ERROR;
				CLANG_WARN_QUOTED_INCLUDE_IN_FRAMEWORK_HEADER = YES;
				CLANG_WARN_RANGE_LOOP_ANALYSIS = YES;
				CLANG_WARN_STRICT_PROTOTYPES = YES;
				CLANG_WARN_SUSPICIOUS_MOVE = YES;
				CLANG_WARN_UNGUARDED_AVAILABILITY = YES_AGGRESSIVE;
				CLANG_WARN_UNREACHABLE_CODE = YES;
				CLANG_WARN__DUPLICATE_METHOD_MATCH = YES;
				COPY_PHASE_STRIP = NO;
				DEBUG_INFORMATION_FORMAT = "dwarf-with-dsym";
				ENABLE_NS_ASSERTIONS = NO;
				ENABLE_STRICT_OBJC_MSGSEND = YES;
				GCC_C_LANGUAGE_STANDARD = gnu11;
				GCC_NO_COMMON_BLOCKS = YES;
				GCC_WARN_64_TO_32_BIT_CONVERSION = YES;
				GCC_WARN_ABOUT_RETURN_TYPE = YES_ERROR;
				GCC_WARN_UNDECLARED_SELECTOR = YES;
				GCC_WARN_UNINITIALIZED_AUTOS = YES_AGGRESSIVE;
				GCC_WARN_UNUSED_FUNCTION = YES;
				GCC_WARN_UNUSED_VARIABLE = YES;
				IPHONEOS_DEPLOYMENT_TARGET = 16.2;
				MTL_ENABLE_DEBUG_INFO = NO;
				MTL_FAST_MATH = YES;
				SDKROOT = iphoneos;
				SWIFT_COMPILATION_MODE = wholemodule;
				SWIFT_OPTIMIZATION_LEVEL = "-O";
				VALIDATE_PRODUCT = YES;
			};
			name = Release;
		};
		9695765D29B1392C00F1B42D /* Debug */ = {
			isa = XCBuildConfiguration;
			buildSettings = {
				ASSETCATALOG_COMPILER_APPICON_NAME = AppIcon;
				ASSETCATALOG_COMPILER_GLOBAL_ACCENT_COLOR_NAME = AccentColor;
				CODE_SIGN_STYLE = Automatic;
				CURRENT_PROJECT_VERSION = 1;
				DEVELOPMENT_TEAM = H6KUZZNT4P;
				GENERATE_INFOPLIST_FILE = YES;
				INFOPLIST_FILE = "Prueba Tecnica iOS/Info.plist";
				INFOPLIST_KEY_LSApplicationCategoryType = "public.app-category.shopping";
				INFOPLIST_KEY_UIApplicationSupportsIndirectInputEvents = YES;
				INFOPLIST_KEY_UILaunchStoryboardName = LaunchScreen;
				INFOPLIST_KEY_UIMainStoryboardFile = Main;
				INFOPLIST_KEY_UISupportedInterfaceOrientations_iPad = "UIInterfaceOrientationPortrait UIInterfaceOrientationPortraitUpsideDown UIInterfaceOrientationLandscapeLeft UIInterfaceOrientationLandscapeRight";
				INFOPLIST_KEY_UISupportedInterfaceOrientations_iPhone = "UIInterfaceOrientationPortrait UIInterfaceOrientationLandscapeLeft UIInterfaceOrientationLandscapeRight";
				IPHONEOS_DEPLOYMENT_TARGET = 13.0;
				LD_RUNPATH_SEARCH_PATHS = (
					"$(inherited)",
					"@executable_path/Frameworks",
				);
				MARKETING_VERSION = 1.0;
				PRODUCT_BUNDLE_IDENTIFIER = "com.charlycorch.Prueba-Tecnica-iOS";
				PRODUCT_NAME = "$(TARGET_NAME)";
				SUPPORTED_PLATFORMS = "iphoneos iphonesimulator";
				SUPPORTS_MACCATALYST = NO;
				SUPPORTS_MAC_DESIGNED_FOR_IPHONE_IPAD = NO;
				SWIFT_EMIT_LOC_STRINGS = YES;
				SWIFT_VERSION = 5.0;
				TARGETED_DEVICE_FAMILY = "1,2";
			};
			name = Debug;
		};
		9695765E29B1392C00F1B42D /* Release */ = {
			isa = XCBuildConfiguration;
			buildSettings = {
				ASSETCATALOG_COMPILER_APPICON_NAME = AppIcon;
				ASSETCATALOG_COMPILER_GLOBAL_ACCENT_COLOR_NAME = AccentColor;
				CODE_SIGN_STYLE = Automatic;
				CURRENT_PROJECT_VERSION = 1;
				DEVELOPMENT_TEAM = H6KUZZNT4P;
				GENERATE_INFOPLIST_FILE = YES;
				INFOPLIST_FILE = "Prueba Tecnica iOS/Info.plist";
				INFOPLIST_KEY_LSApplicationCategoryType = "public.app-category.shopping";
				INFOPLIST_KEY_UIApplicationSupportsIndirectInputEvents = YES;
				INFOPLIST_KEY_UILaunchStoryboardName = LaunchScreen;
				INFOPLIST_KEY_UIMainStoryboardFile = Main;
				INFOPLIST_KEY_UISupportedInterfaceOrientations_iPad = "UIInterfaceOrientationPortrait UIInterfaceOrientationPortraitUpsideDown UIInterfaceOrientationLandscapeLeft UIInterfaceOrientationLandscapeRight";
				INFOPLIST_KEY_UISupportedInterfaceOrientations_iPhone = "UIInterfaceOrientationPortrait UIInterfaceOrientationLandscapeLeft UIInterfaceOrientationLandscapeRight";
				IPHONEOS_DEPLOYMENT_TARGET = 13.0;
				LD_RUNPATH_SEARCH_PATHS = (
					"$(inherited)",
					"@executable_path/Frameworks",
				);
				MARKETING_VERSION = 1.0;
				PRODUCT_BUNDLE_IDENTIFIER = "com.charlycorch.Prueba-Tecnica-iOS";
				PRODUCT_NAME = "$(TARGET_NAME)";
				SUPPORTED_PLATFORMS = "iphoneos iphonesimulator";
				SUPPORTS_MACCATALYST = NO;
				SUPPORTS_MAC_DESIGNED_FOR_IPHONE_IPAD = NO;
				SWIFT_EMIT_LOC_STRINGS = YES;
				SWIFT_VERSION = 5.0;
				TARGETED_DEVICE_FAMILY = "1,2";
			};
			name = Release;
		};
/* End XCBuildConfiguration section */

/* Begin XCConfigurationList section */
		9695764329B1392900F1B42D /* Build configuration list for PBXProject "Prueba Tecnica iOS" */ = {
			isa = XCConfigurationList;
			buildConfigurations = (
				9695765A29B1392C00F1B42D /* Debug */,
				9695765B29B1392C00F1B42D /* Release */,
			);
			defaultConfigurationIsVisible = 0;
			defaultConfigurationName = Release;
		};
		9695765C29B1392C00F1B42D /* Build configuration list for PBXNativeTarget "Prueba Tecnica iOS" */ = {
			isa = XCConfigurationList;
			buildConfigurations = (
				9695765D29B1392C00F1B42D /* Debug */,
				9695765E29B1392C00F1B42D /* Release */,
			);
			defaultConfigurationIsVisible = 0;
			defaultConfigurationName = Release;
		};
/* End XCConfigurationList section */

/* Begin XCRemoteSwiftPackageReference section */
		96A7EC8229B14C8D0079B76D /* XCRemoteSwiftPackageReference "SDWebImage" */ = {
			isa = XCRemoteSwiftPackageReference;
			repositoryURL = "https://github.com/SDWebImage/SDWebImage.git";
			requirement = {
				kind = upToNextMajorVersion;
				minimumVersion = 5.0.0;
			};
		};
/* End XCRemoteSwiftPackageReference section */

/* Begin XCSwiftPackageProductDependency section */
		96A7EC8329B14C8D0079B76D /* SDWebImage */ = {
			isa = XCSwiftPackageProductDependency;
			package = 96A7EC8229B14C8D0079B76D /* XCRemoteSwiftPackageReference "SDWebImage" */;
			productName = SDWebImage;
		};
/* End XCSwiftPackageProductDependency section */
	};
	rootObject = 9695764029B1392900F1B42D /* Project object */;
}
